
Microsoft Visual Studio Solution File, Format Version 12.00
# Visual Studio Version 17
VisualStudioVersion = 17.4.33213.308
MinimumVisualStudioVersion = 10.0.40219.1
Project("{FAE04EC0-301F-11D3-BF4B-00C04F79EFBC}") = "Mensajeria.UI", "Mensajeria.UI\Mensajeria.UI.csproj", "{6BDC341C-875D-4BF2-A0AD-38C3D1A916EA}"
EndProject
Project("{FAE04EC0-301F-11D3-BF4B-00C04F79EFBC}") = "Mensajeria.UI.Tests", "Mensajeria.UI.Tests\Mensajeria.UI.Tests.csproj", "{16533AE2-177C-4B39-8FE0-F549A57A80D3}"
EndProject
Project("{2150E333-8FDC-42A3-9474-1A3956D46DE8}") = "1. Capa GUI", "1. Capa GUI", "{4A41A487-3B5C-4D33-82D0-CD537FEFC77B}"
EndProject
Global
	GlobalSection(SolutionConfigurationPlatforms) = preSolution
		Debug|Any CPU = Debug|Any CPU
		Release|Any CPU = Release|Any CPU
	EndGlobalSection
	GlobalSection(ProjectConfigurationPlatforms) = postSolution
		{6BDC341C-875D-4BF2-A0AD-38C3D1A916EA}.Debug|Any CPU.ActiveCfg = Debug|Any CPU
		{6BDC341C-875D-4BF2-A0AD-38C3D1A916EA}.Debug|Any CPU.Build.0 = Debug|Any CPU
		{6BDC341C-875D-4BF2-A0AD-38C3D1A916EA}.Release|Any CPU.ActiveCfg = Release|Any CPU
		{6BDC341C-875D-4BF2-A0AD-38C3D1A916EA}.Release|Any CPU.Build.0 = Release|Any CPU
		{16533AE2-177C-4B39-8FE0-F549A57A80D3}.Debug|Any CPU.ActiveCfg = Debug|Any CPU
		{16533AE2-177C-4B39-8FE0-F549A57A80D3}.Debug|Any CPU.Build.0 = Debug|Any CPU
		{16533AE2-177C-4B39-8FE0-F549A57A80D3}.Release|Any CPU.ActiveCfg = Release|Any CPU
		{16533AE2-177C-4B39-8FE0-F549A57A80D3}.Release|Any CPU.Build.0 = Release|Any CPU
	EndGlobalSection
	GlobalSection(SolutionProperties) = preSolution
		HideSolutionNode = FALSE
	EndGlobalSection
	GlobalSection(NestedProjects) = preSolution
		{6BDC341C-875D-4BF2-A0AD-38C3D1A916EA} = {4A41A487-3B5C-4D33-82D0-CD537FEFC77B}
		{16533AE2-177C-4B39-8FE0-F549A57A80D3} = {4A41A487-3B5C-4D33-82D0-CD537FEFC77B}
	EndGlobalSection
	GlobalSection(ExtensibilityGlobals) = postSolution
		SolutionGuid = {4E0014FA-7548-43A9-823B-45FE8F5FF24A}
	EndGlobalSection
EndGlobal
